// !$*UTF8*$!
{
	archiveVersion = 1;
	classes = {
	};
	objectVersion = 56;
	objects = {

/* Begin PBXBuildFile section */
		6B35A1EC2B27510300B54698 /* CardsApp.swift in Sources */ = {isa = PBXBuildFile; fileRef = 6B35A1EB2B27510300B54698 /* CardsApp.swift */; };
		6B35A1F02B27510500B54698 /* Assets.xcassets in Resources */ = {isa = PBXBuildFile; fileRef = 6B35A1EF2B27510500B54698 /* Assets.xcassets */; };
		6B35A1F32B27510500B54698 /* Preview Assets.xcassets in Resources */ = {isa = PBXBuildFile; fileRef = 6B35A1F22B27510500B54698 /* Preview Assets.xcassets */; };
		6B35A1FA2B27519800B54698 /* CardsListView.swift in Sources */ = {isa = PBXBuildFile; fileRef = 6B35A1F92B27519800B54698 /* CardsListView.swift */; };
		6B35A1FC2B27527C00B54698 /* CardThumbnail.swift in Sources */ = {isa = PBXBuildFile; fileRef = 6B35A1FB2B27527B00B54698 /* CardThumbnail.swift */; };
		6B35A1FE2B27529D00B54698 /* SingleCardView.swift in Sources */ = {isa = PBXBuildFile; fileRef = 6B35A1FD2B27529D00B54698 /* SingleCardView.swift */; };
		6B35A2002B2757F000B54698 /* ToolbarSelection.swift in Sources */ = {isa = PBXBuildFile; fileRef = 6B35A1FF2B2757F000B54698 /* ToolbarSelection.swift */; };
		6B35A2022B27580D00B54698 /* BottomToolbar.swift in Sources */ = {isa = PBXBuildFile; fileRef = 6B35A2012B27580D00B54698 /* BottomToolbar.swift */; };
		6B37BAEE2B2DAE4800335930 /* TextModal.swift in Sources */ = {isa = PBXBuildFile; fileRef = 6B37BAED2B2DAE4800335930 /* TextModal.swift */; };
		6B39442E2B285A460039C01F /* ResizableView.swift in Sources */ = {isa = PBXBuildFile; fileRef = 6B39442D2B285A460039C01F /* ResizableView.swift */; };
		6B3944312B285ADA0039C01F /* Transform.swift in Sources */ = {isa = PBXBuildFile; fileRef = 6B3944302B285ADA0039C01F /* Transform.swift */; };
		6B3944332B285C690039C01F /* Operators.swift in Sources */ = {isa = PBXBuildFile; fileRef = 6B3944322B285C690039C01F /* Operators.swift */; };
		6B3944362B2868830039C01F /* Settings.swift in Sources */ = {isa = PBXBuildFile; fileRef = 6B3944352B2868830039C01F /* Settings.swift */; };
		6B3944392B2869880039C01F /* ColorExtensions.swift in Sources */ = {isa = PBXBuildFile; fileRef = 6B3944382B2869880039C01F /* ColorExtensions.swift */; };
		6B39443B2B286CA20039C01F /* CardToolbar.swift in Sources */ = {isa = PBXBuildFile; fileRef = 6B39443A2B286CA20039C01F /* CardToolbar.swift */; };
		6B39443D2B286F4C0039C01F /* TextExtensions.swift in Sources */ = {isa = PBXBuildFile; fileRef = 6B39443C2B286F4C0039C01F /* TextExtensions.swift */; };
		6B39443F2B28705E0039C01F /* CardElement.swift in Sources */ = {isa = PBXBuildFile; fileRef = 6B39443E2B28705E0039C01F /* CardElement.swift */; };
		6B3944412B2870780039C01F /* Card.swift in Sources */ = {isa = PBXBuildFile; fileRef = 6B3944402B2870780039C01F /* Card.swift */; };
		6B3944432B2870B90039C01F /* CardStore.swift in Sources */ = {isa = PBXBuildFile; fileRef = 6B3944422B2870B90039C01F /* CardStore.swift */; };
		6B3944452B2872D80039C01F /* PreviewData.swift in Sources */ = {isa = PBXBuildFile; fileRef = 6B3944442B2872D80039C01F /* PreviewData.swift */; };
		6B3944472B2875C80039C01F /* CardDetailView.swift in Sources */ = {isa = PBXBuildFile; fileRef = 6B3944462B2875C80039C01F /* CardDetailView.swift */; };
		6B3944492B2876170039C01F /* CardElementView.swift in Sources */ = {isa = PBXBuildFile; fileRef = 6B3944482B2876170039C01F /* CardElementView.swift */; };
		6B39444C2B28A51C0039C01F /* Stickers in Resources */ = {isa = PBXBuildFile; fileRef = 6B39444B2B28A51C0039C01F /* Stickers */; };
		6B39444F2B28A5C80039C01F /* StickerModal.swift in Sources */ = {isa = PBXBuildFile; fileRef = 6B39444E2B28A5C80039C01F /* StickerModal.swift */; };
		6B3944512B29B86B0039C01F /* PhotosModal.swift in Sources */ = {isa = PBXBuildFile; fileRef = 6B3944502B29B86B0039C01F /* PhotosModal.swift */; };
		6B3944532B29C00F0039C01F /* UIImageExtensions.swift in Sources */ = {isa = PBXBuildFile; fileRef = 6B3944522B29C00F0039C01F /* UIImageExtensions.swift */; };
		6B3944552B29C1FF0039C01F /* CustomTransfer.swift in Sources */ = {isa = PBXBuildFile; fileRef = 6B3944542B29C1FF0039C01F /* CustomTransfer.swift */; };
		6B3944572B29C9D80039C01F /* ElementContextMenu.swift in Sources */ = {isa = PBXBuildFile; fileRef = 6B3944562B29C9D80039C01F /* ElementContextMenu.swift */; };
		6B6EF0862B2C451A00C838CD /* Shapes.swift in Sources */ = {isa = PBXBuildFile; fileRef = 6B6EF0852B2C451A00C838CD /* Shapes.swift */; };
		6B6EF0882B2C4EDF00C838CD /* FrameModal.swift in Sources */ = {isa = PBXBuildFile; fileRef = 6B6EF0872B2C4EDF00C838CD /* FrameModal.swift */; };
		6B6EF08C2B2C847200C838CD /* AngleExtensions.swift in Sources */ = {isa = PBXBuildFile; fileRef = 6B6EF08B2B2C847200C838CD /* AngleExtensions.swift */; };
		6BE54C9A2B303E8A00B34940 /* LayoutView.swift in Sources */ = {isa = PBXBuildFile; fileRef = 6BE54C992B303E8A00B34940 /* LayoutView.swift */; };
		6BE54CA02B307C4E00B34940 /* Carousel.swift in Sources */ = {isa = PBXBuildFile; fileRef = 6BE54C9C2B307C4E00B34940 /* Carousel.swift */; };
		6BE54CA12B307C4E00B34940 /* TextView.swift in Sources */ = {isa = PBXBuildFile; fileRef = 6BE54C9D2B307C4E00B34940 /* TextView.swift */; };
		6BE54CA22B307C4E00B34940 /* AppFonts.swift in Sources */ = {isa = PBXBuildFile; fileRef = 6BE54C9E2B307C4E00B34940 /* AppFonts.swift */; };
		6BE54CA32B307C4E00B34940 /* ShareCardView.swift in Sources */ = {isa = PBXBuildFile; fileRef = 6BE54C9F2B307C4E00B34940 /* ShareCardView.swift */; };
/* End PBXBuildFile section */

/* Begin PBXFileReference section */
		6B35A1E82B27510300B54698 /* Cards.app */ = {isa = PBXFileReference; explicitFileType = wrapper.application; includeInIndex = 0; path = Cards.app; sourceTree = BUILT_PRODUCTS_DIR; };
		6B35A1EB2B27510300B54698 /* CardsApp.swift */ = {isa = PBXFileReference; lastKnownFileType = sourcecode.swift; path = CardsApp.swift; sourceTree = "<group>"; };
		6B35A1EF2B27510500B54698 /* Assets.xcassets */ = {isa = PBXFileReference; lastKnownFileType = folder.assetcatalog; path = Assets.xcassets; sourceTree = "<group>"; };
		6B35A1F22B27510500B54698 /* Preview Assets.xcassets */ = {isa = PBXFileReference; lastKnownFileType = folder.assetcatalog; path = "Preview Assets.xcassets"; sourceTree = "<group>"; };
		6B35A1F92B27519800B54698 /* CardsListView.swift */ = {isa = PBXFileReference; lastKnownFileType = sourcecode.swift; path = CardsListView.swift; sourceTree = "<group>"; };
		6B35A1FB2B27527B00B54698 /* CardThumbnail.swift */ = {isa = PBXFileReference; lastKnownFileType = sourcecode.swift; path = CardThumbnail.swift; sourceTree = "<group>"; };
		6B35A1FD2B27529D00B54698 /* SingleCardView.swift */ = {isa = PBXFileReference; lastKnownFileType = sourcecode.swift; path = SingleCardView.swift; sourceTree = "<group>"; };
		6B35A1FF2B2757F000B54698 /* ToolbarSelection.swift */ = {isa = PBXFileReference; lastKnownFileType = sourcecode.swift; path = ToolbarSelection.swift; sourceTree = "<group>"; };
		6B35A2012B27580D00B54698 /* BottomToolbar.swift */ = {isa = PBXFileReference; lastKnownFileType = sourcecode.swift; path = BottomToolbar.swift; sourceTree = "<group>"; };
		6B37BAED2B2DAE4800335930 /* TextModal.swift */ = {isa = PBXFileReference; lastKnownFileType = sourcecode.swift; path = TextModal.swift; sourceTree = "<group>"; };
		6B39442D2B285A460039C01F /* ResizableView.swift */ = {isa = PBXFileReference; lastKnownFileType = sourcecode.swift; path = ResizableView.swift; sourceTree = "<group>"; };
		6B3944302B285ADA0039C01F /* Transform.swift */ = {isa = PBXFileReference; lastKnownFileType = sourcecode.swift; path = Transform.swift; sourceTree = "<group>"; };
		6B3944322B285C690039C01F /* Operators.swift */ = {isa = PBXFileReference; lastKnownFileType = sourcecode.swift; path = Operators.swift; sourceTree = "<group>"; };
		6B3944352B2868830039C01F /* Settings.swift */ = {isa = PBXFileReference; lastKnownFileType = sourcecode.swift; path = Settings.swift; sourceTree = "<group>"; };
		6B3944382B2869880039C01F /* ColorExtensions.swift */ = {isa = PBXFileReference; lastKnownFileType = sourcecode.swift; path = ColorExtensions.swift; sourceTree = "<group>"; };
		6B39443A2B286CA20039C01F /* CardToolbar.swift */ = {isa = PBXFileReference; lastKnownFileType = sourcecode.swift; path = CardToolbar.swift; sourceTree = "<group>"; };
		6B39443C2B286F4C0039C01F /* TextExtensions.swift */ = {isa = PBXFileReference; fileEncoding = 4; lastKnownFileType = sourcecode.swift; path = TextExtensions.swift; sourceTree = "<group>"; };
		6B39443E2B28705E0039C01F /* CardElement.swift */ = {isa = PBXFileReference; lastKnownFileType = sourcecode.swift; path = CardElement.swift; sourceTree = "<group>"; };
		6B3944402B2870780039C01F /* Card.swift */ = {isa = PBXFileReference; lastKnownFileType = sourcecode.swift; path = Card.swift; sourceTree = "<group>"; };
		6B3944422B2870B90039C01F /* CardStore.swift */ = {isa = PBXFileReference; lastKnownFileType = sourcecode.swift; path = CardStore.swift; sourceTree = "<group>"; };
		6B3944442B2872D80039C01F /* PreviewData.swift */ = {isa = PBXFileReference; fileEncoding = 4; lastKnownFileType = sourcecode.swift; path = PreviewData.swift; sourceTree = "<group>"; };
		6B3944462B2875C80039C01F /* CardDetailView.swift */ = {isa = PBXFileReference; lastKnownFileType = sourcecode.swift; path = CardDetailView.swift; sourceTree = "<group>"; };
		6B3944482B2876170039C01F /* CardElementView.swift */ = {isa = PBXFileReference; lastKnownFileType = sourcecode.swift; path = CardElementView.swift; sourceTree = "<group>"; };
		6B39444A2B28A3230039C01F /* Info.plist */ = {isa = PBXFileReference; lastKnownFileType = text.plist; path = Info.plist; sourceTree = "<group>"; };
		6B39444B2B28A51C0039C01F /* Stickers */ = {isa = PBXFileReference; lastKnownFileType = folder; name = Stickers; path = "../../materials/16-adding-assets-to-your-app/assets/Stickers"; sourceTree = "<group>"; };
		6B39444E2B28A5C80039C01F /* StickerModal.swift */ = {isa = PBXFileReference; lastKnownFileType = sourcecode.swift; path = StickerModal.swift; sourceTree = "<group>"; };
		6B3944502B29B86B0039C01F /* PhotosModal.swift */ = {isa = PBXFileReference; lastKnownFileType = sourcecode.swift; path = PhotosModal.swift; sourceTree = "<group>"; };
		6B3944522B29C00F0039C01F /* UIImageExtensions.swift */ = {isa = PBXFileReference; lastKnownFileType = sourcecode.swift; path = UIImageExtensions.swift; sourceTree = "<group>"; };
		6B3944542B29C1FF0039C01F /* CustomTransfer.swift */ = {isa = PBXFileReference; lastKnownFileType = sourcecode.swift; path = CustomTransfer.swift; sourceTree = "<group>"; };
		6B3944562B29C9D80039C01F /* ElementContextMenu.swift */ = {isa = PBXFileReference; lastKnownFileType = sourcecode.swift; path = ElementContextMenu.swift; sourceTree = "<group>"; };
		6B6EF0852B2C451A00C838CD /* Shapes.swift */ = {isa = PBXFileReference; lastKnownFileType = sourcecode.swift; path = Shapes.swift; sourceTree = "<group>"; };
		6B6EF0872B2C4EDF00C838CD /* FrameModal.swift */ = {isa = PBXFileReference; lastKnownFileType = sourcecode.swift; path = FrameModal.swift; sourceTree = "<group>"; };
		6B6EF08B2B2C847200C838CD /* AngleExtensions.swift */ = {isa = PBXFileReference; lastKnownFileType = sourcecode.swift; path = AngleExtensions.swift; sourceTree = "<group>"; };
		6BE54C992B303E8A00B34940 /* LayoutView.swift */ = {isa = PBXFileReference; lastKnownFileType = sourcecode.swift; path = LayoutView.swift; sourceTree = "<group>"; };
		6BE54C9C2B307C4E00B34940 /* Carousel.swift */ = {isa = PBXFileReference; fileEncoding = 4; lastKnownFileType = sourcecode.swift; path = Carousel.swift; sourceTree = "<group>"; };
		6BE54C9D2B307C4E00B34940 /* TextView.swift */ = {isa = PBXFileReference; fileEncoding = 4; lastKnownFileType = sourcecode.swift; path = TextView.swift; sourceTree = "<group>"; };
		6BE54C9E2B307C4E00B34940 /* AppFonts.swift */ = {isa = PBXFileReference; fileEncoding = 4; lastKnownFileType = sourcecode.swift; path = AppFonts.swift; sourceTree = "<group>"; };
		6BE54C9F2B307C4E00B34940 /* ShareCardView.swift */ = {isa = PBXFileReference; fileEncoding = 4; lastKnownFileType = sourcecode.swift; path = ShareCardView.swift; sourceTree = "<group>"; };
/* End PBXFileReference section */

/* Begin PBXFrameworksBuildPhase section */
		6B35A1E52B27510300B54698 /* Frameworks */ = {
			isa = PBXFrameworksBuildPhase;
			buildActionMask = 2147483647;
			files = (
			);
			runOnlyForDeploymentPostprocessing = 0;
		};
/* End PBXFrameworksBuildPhase section */

/* Begin PBXGroup section */
		6B35A1DF2B27510300B54698 = {
			isa = PBXGroup;
			children = (
				6B35A1EA2B27510300B54698 /* Cards */,
				6B35A1E92B27510300B54698 /* Products */,
			);
			sourceTree = "<group>";
		};
		6B35A1E92B27510300B54698 /* Products */ = {
			isa = PBXGroup;
			children = (
				6B35A1E82B27510300B54698 /* Cards.app */,
			);
			name = Products;
			sourceTree = "<group>";
		};
		6B35A1EA2B27510300B54698 /* Cards */ = {
			isa = PBXGroup;
			children = (
				6B39444A2B28A3230039C01F /* Info.plist */,
				6B35A1EB2B27510300B54698 /* CardsApp.swift */,
				6B35A2032B275B3300B54698 /* Views */,
				6B39442F2B285ABA0039C01F /* Model */,
				6B3944342B2868710039C01F /* Config */,
				6B3944372B2869740039C01F /* Extensions */,
				6BE54C9B2B307C4E00B34940 /* Supporting Code */,
				6B39444B2B28A51C0039C01F /* Stickers */,
				6B35A1EF2B27510500B54698 /* Assets.xcassets */,
				6B35A1F12B27510500B54698 /* Preview Content */,
			);
			path = Cards;
			sourceTree = "<group>";
		};
		6B35A1F12B27510500B54698 /* Preview Content */ = {
			isa = PBXGroup;
			children = (
				6B3944442B2872D80039C01F /* PreviewData.swift */,
				6B35A1F22B27510500B54698 /* Preview Assets.xcassets */,
			);
			path = "Preview Content";
			sourceTree = "<group>";
		};
		6B35A2032B275B3300B54698 /* Views */ = {
			isa = PBXGroup;
			children = (
				6B35A1FB2B27527B00B54698 /* CardThumbnail.swift */,
				6B35A1F92B27519800B54698 /* CardsListView.swift */,
				6B39442D2B285A460039C01F /* ResizableView.swift */,
				6B35A2042B275C7000B54698 /* Single Card Views */,
				6BE54C992B303E8A00B34940 /* LayoutView.swift */,
			);
			path = Views;
			sourceTree = "<group>";
		};
		6B35A2042B275C7000B54698 /* Single Card Views */ = {
			isa = PBXGroup;
			children = (
				6B39443A2B286CA20039C01F /* CardToolbar.swift */,
				6B35A1FD2B27529D00B54698 /* SingleCardView.swift */,
				6B35A1FF2B2757F000B54698 /* ToolbarSelection.swift */,
				6B35A2012B27580D00B54698 /* BottomToolbar.swift */,
				6B3944462B2875C80039C01F /* CardDetailView.swift */,
				6B3944482B2876170039C01F /* CardElementView.swift */,
				6B3944562B29C9D80039C01F /* ElementContextMenu.swift */,
				6B39444D2B28A5AB0039C01F /* Card Modal View */,
			);
			path = "Single Card Views";
			sourceTree = "<group>";
		};
		6B39442F2B285ABA0039C01F /* Model */ = {
			isa = PBXGroup;
			children = (
				6B3944322B285C690039C01F /* Operators.swift */,
				6B3944302B285ADA0039C01F /* Transform.swift */,
				6B39443E2B28705E0039C01F /* CardElement.swift */,
				6B3944402B2870780039C01F /* Card.swift */,
				6B3944422B2870B90039C01F /* CardStore.swift */,
				6B3944542B29C1FF0039C01F /* CustomTransfer.swift */,
				6B6EF0852B2C451A00C838CD /* Shapes.swift */,
			);
			path = Model;
			sourceTree = "<group>";
		};
		6B3944342B2868710039C01F /* Config */ = {
			isa = PBXGroup;
			children = (
				6B3944352B2868830039C01F /* Settings.swift */,
			);
			path = Config;
			sourceTree = "<group>";
		};
		6B3944372B2869740039C01F /* Extensions */ = {
			isa = PBXGroup;
			children = (
				6B3944382B2869880039C01F /* ColorExtensions.swift */,
				6B39443C2B286F4C0039C01F /* TextExtensions.swift */,
				6B3944522B29C00F0039C01F /* UIImageExtensions.swift */,
				6B6EF08B2B2C847200C838CD /* AngleExtensions.swift */,
			);
			path = Extensions;
			sourceTree = "<group>";
		};
		6B39444D2B28A5AB0039C01F /* Card Modal View */ = {
			isa = PBXGroup;
			children = (
				6B39444E2B28A5C80039C01F /* StickerModal.swift */,
				6B3944502B29B86B0039C01F /* PhotosModal.swift */,
				6B6EF0872B2C4EDF00C838CD /* FrameModal.swift */,
				6B37BAED2B2DAE4800335930 /* TextModal.swift */,
			);
			path = "Card Modal View";
			sourceTree = "<group>";
		};
		6BE54C9B2B307C4E00B34940 /* Supporting Code */ = {
			isa = PBXGroup;
			children = (
				6BE54C9C2B307C4E00B34940 /* Carousel.swift */,
				6BE54C9D2B307C4E00B34940 /* TextView.swift */,
				6BE54C9E2B307C4E00B34940 /* AppFonts.swift */,
				6BE54C9F2B307C4E00B34940 /* ShareCardView.swift */,
			);
			path = "Supporting Code";
			sourceTree = "<group>";
		};
/* End PBXGroup section */

/* Begin PBXNativeTarget section */
		6B35A1E72B27510300B54698 /* Cards */ = {
			isa = PBXNativeTarget;
			buildConfigurationList = 6B35A1F62B27510500B54698 /* Build configuration list for PBXNativeTarget "Cards" */;
			buildPhases = (
				6B35A1E42B27510300B54698 /* Sources */,
				6B35A1E52B27510300B54698 /* Frameworks */,
				6B35A1E62B27510300B54698 /* Resources */,
			);
			buildRules = (
			);
			dependencies = (
			);
			name = Cards;
			productName = Cards;
			productReference = 6B35A1E82B27510300B54698 /* Cards.app */;
			productType = "com.apple.product-type.application";
		};
/* End PBXNativeTarget section */

/* Begin PBXProject section */
		6B35A1E02B27510300B54698 /* Project object */ = {
			isa = PBXProject;
			attributes = {
				BuildIndependentTargetsInParallel = 1;
				LastSwiftUpdateCheck = 1500;
				LastUpgradeCheck = 1500;
				TargetAttributes = {
					6B35A1E72B27510300B54698 = {
						CreatedOnToolsVersion = 15.0.1;
					};
				};
			};
			buildConfigurationList = 6B35A1E32B27510300B54698 /* Build configuration list for PBXProject "Cards" */;
			compatibilityVersion = "Xcode 14.0";
			developmentRegion = en;
			hasScannedForEncodings = 0;
			knownRegions = (
				en,
				Base,
			);
			mainGroup = 6B35A1DF2B27510300B54698;
			productRefGroup = 6B35A1E92B27510300B54698 /* Products */;
			projectDirPath = "";
			projectRoot = "";
			targets = (
				6B35A1E72B27510300B54698 /* Cards */,
			);
		};
/* End PBXProject section */

/* Begin PBXResourcesBuildPhase section */
		6B35A1E62B27510300B54698 /* Resources */ = {
			isa = PBXResourcesBuildPhase;
			buildActionMask = 2147483647;
			files = (
				6B35A1F32B27510500B54698 /* Preview Assets.xcassets in Resources */,
				6B39444C2B28A51C0039C01F /* Stickers in Resources */,
				6B35A1F02B27510500B54698 /* Assets.xcassets in Resources */,
			);
			runOnlyForDeploymentPostprocessing = 0;
		};
/* End PBXResourcesBuildPhase section */

/* Begin PBXSourcesBuildPhase section */
		6B35A1E42B27510300B54698 /* Sources */ = {
			isa = PBXSourcesBuildPhase;
			buildActionMask = 2147483647;
			files = (
				6BE54CA32B307C4E00B34940 /* ShareCardView.swift in Sources */,
				6B3944552B29C1FF0039C01F /* CustomTransfer.swift in Sources */,
				6B3944392B2869880039C01F /* ColorExtensions.swift in Sources */,
				6B3944532B29C00F0039C01F /* UIImageExtensions.swift in Sources */,
				6BE54CA02B307C4E00B34940 /* Carousel.swift in Sources */,
				6BE54C9A2B303E8A00B34940 /* LayoutView.swift in Sources */,
				6B3944432B2870B90039C01F /* CardStore.swift in Sources */,
				6B3944452B2872D80039C01F /* PreviewData.swift in Sources */,
				6B39443B2B286CA20039C01F /* CardToolbar.swift in Sources */,
				6B35A1FC2B27527C00B54698 /* CardThumbnail.swift in Sources */,
				6B6EF0882B2C4EDF00C838CD /* FrameModal.swift in Sources */,
				6B35A1FA2B27519800B54698 /* CardsListView.swift in Sources */,
				6BE54CA12B307C4E00B34940 /* TextView.swift in Sources */,
				6B35A1FE2B27529D00B54698 /* SingleCardView.swift in Sources */,
				6B39444F2B28A5C80039C01F /* StickerModal.swift in Sources */,
				6B35A2002B2757F000B54698 /* ToolbarSelection.swift in Sources */,
				6B3944362B2868830039C01F /* Settings.swift in Sources */,
				6B3944512B29B86B0039C01F /* PhotosModal.swift in Sources */,
				6B3944472B2875C80039C01F /* CardDetailView.swift in Sources */,
				6B3944412B2870780039C01F /* Card.swift in Sources */,
				6B3944572B29C9D80039C01F /* ElementContextMenu.swift in Sources */,
				6BE54CA22B307C4E00B34940 /* AppFonts.swift in Sources */,
				6B35A2022B27580D00B54698 /* BottomToolbar.swift in Sources */,
				6B6EF0862B2C451A00C838CD /* Shapes.swift in Sources */,
				6B35A1EC2B27510300B54698 /* CardsApp.swift in Sources */,
				6B39443D2B286F4C0039C01F /* TextExtensions.swift in Sources */,
				6B3944492B2876170039C01F /* CardElementView.swift in Sources */,
				6B39443F2B28705E0039C01F /* CardElement.swift in Sources */,
				6B3944312B285ADA0039C01F /* Transform.swift in Sources */,
				6B37BAEE2B2DAE4800335930 /* TextModal.swift in Sources */,
				6B39442E2B285A460039C01F /* ResizableView.swift in Sources */,
				6B3944332B285C690039C01F /* Operators.swift in Sources */,
				6B6EF08C2B2C847200C838CD /* AngleExtensions.swift in Sources */,
			);
			runOnlyForDeploymentPostprocessing = 0;
		};
/* End PBXSourcesBuildPhase section */

/* Begin XCBuildConfiguration section */
		6B35A1F42B27510500B54698 /* Debug */ = {
			isa = XCBuildConfiguration;
			buildSettings = {
				ALWAYS_SEARCH_USER_PATHS = NO;
				ASSETCATALOG_COMPILER_GENERATE_SWIFT_ASSET_SYMBOL_EXTENSIONS = YES;
				CLANG_ANALYZER_NONNULL = YES;
				CLANG_ANALYZER_NUMBER_OBJECT_CONVERSION = YES_AGGRESSIVE;
				CLANG_CXX_LANGUAGE_STANDARD = "gnu++20";
				CLANG_ENABLE_MODULES = YES;
				CLANG_ENABLE_OBJC_ARC = YES;
				CLANG_ENABLE_OBJC_WEAK = YES;
				CLANG_WARN_BLOCK_CAPTURE_AUTORELEASING = YES;
				CLANG_WARN_BOOL_CONVERSION = YES;
				CLANG_WARN_COMMA = YES;
				CLANG_WARN_CONSTANT_CONVERSION = YES;
				CLANG_WARN_DEPRECATED_OBJC_IMPLEMENTATIONS = YES;
				CLANG_WARN_DIRECT_OBJC_ISA_USAGE = YES_ERROR;
				CLANG_WARN_DOCUMENTATION_COMMENTS = YES;
				CLANG_WARN_EMPTY_BODY = YES;
				CLANG_WARN_ENUM_CONVERSION = YES;
				CLANG_WARN_INFINITE_RECURSION = YES;
				CLANG_WARN_INT_CONVERSION = YES;
				CLANG_WARN_NON_LITERAL_NULL_CONVERSION = YES;
				CLANG_WARN_OBJC_IMPLICIT_RETAIN_SELF = YES;
				CLANG_WARN_OBJC_LITERAL_CONVERSION = YES;
				CLANG_WARN_OBJC_ROOT_CLASS = YES_ERROR;
				CLANG_WARN_QUOTED_INCLUDE_IN_FRAMEWORK_HEADER = YES;
				CLANG_WARN_RANGE_LOOP_ANALYSIS = YES;
				CLANG_WARN_STRICT_PROTOTYPES = YES;
				CLANG_WARN_SUSPICIOUS_MOVE = YES;
				CLANG_WARN_UNGUARDED_AVAILABILITY = YES_AGGRESSIVE;
				CLANG_WARN_UNREACHABLE_CODE = YES;
				CLANG_WARN__DUPLICATE_METHOD_MATCH = YES;
				COPY_PHASE_STRIP = NO;
				DEBUG_INFORMATION_FORMAT = dwarf;
				ENABLE_STRICT_OBJC_MSGSEND = YES;
				ENABLE_TESTABILITY = YES;
				ENABLE_USER_SCRIPT_SANDBOXING = YES;
				GCC_C_LANGUAGE_STANDARD = gnu17;
				GCC_DYNAMIC_NO_PIC = NO;
				GCC_NO_COMMON_BLOCKS = YES;
				GCC_OPTIMIZATION_LEVEL = 0;
				GCC_PREPROCESSOR_DEFINITIONS = (
					"DEBUG=1",
					"$(inherited)",
				);
				GCC_WARN_64_TO_32_BIT_CONVERSION = YES;
				GCC_WARN_ABOUT_RETURN_TYPE = YES_ERROR;
				GCC_WARN_UNDECLARED_SELECTOR = YES;
				GCC_WARN_UNINITIALIZED_AUTOS = YES_AGGRESSIVE;
				GCC_WARN_UNUSED_FUNCTION = YES;
				GCC_WARN_UNUSED_VARIABLE = YES;
				IPHONEOS_DEPLOYMENT_TARGET = 17.0;
				LOCALIZATION_PREFERS_STRING_CATALOGS = YES;
				MTL_ENABLE_DEBUG_INFO = INCLUDE_SOURCE;
				MTL_FAST_MATH = YES;
				ONLY_ACTIVE_ARCH = YES;
				SDKROOT = iphoneos;
				SWIFT_ACTIVE_COMPILATION_CONDITIONS = "DEBUG $(inherited)";
				SWIFT_OPTIMIZATION_LEVEL = "-Onone";
			};
			name = Debug;
		};
		6B35A1F52B27510500B54698 /* Release */ = {
			isa = XCBuildConfiguration;
			buildSettings = {
				ALWAYS_SEARCH_USER_PATHS = NO;
				ASSETCATALOG_COMPILER_GENERATE_SWIFT_ASSET_SYMBOL_EXTENSIONS = YES;
				CLANG_ANALYZER_NONNULL = YES;
				CLANG_ANALYZER_NUMBER_OBJECT_CONVERSION = YES_AGGRESSIVE;
				CLANG_CXX_LANGUAGE_STANDARD = "gnu++20";
				CLANG_ENABLE_MODULES = YES;
				CLANG_ENABLE_OBJC_ARC = YES;
				CLANG_ENABLE_OBJC_WEAK = YES;
				CLANG_WARN_BLOCK_CAPTURE_AUTORELEASING = YES;
				CLANG_WARN_BOOL_CONVERSION = YES;
				CLANG_WARN_COMMA = YES;
				CLANG_WARN_CONSTANT_CONVERSION = YES;
				CLANG_WARN_DEPRECATED_OBJC_IMPLEMENTATIONS = YES;
				CLANG_WARN_DIRECT_OBJC_ISA_USAGE = YES_ERROR;
				CLANG_WARN_DOCUMENTATION_COMMENTS = YES;
				CLANG_WARN_EMPTY_BODY = YES;
				CLANG_WARN_ENUM_CONVERSION = YES;
				CLANG_WARN_INFINITE_RECURSION = YES;
				CLANG_WARN_INT_CONVERSION = YES;
				CLANG_WARN_NON_LITERAL_NULL_CONVERSION = YES;
				CLANG_WARN_OBJC_IMPLICIT_RETAIN_SELF = YES;
				CLANG_WARN_OBJC_LITERAL_CONVERSION = YES;
				CLANG_WARN_OBJC_ROOT_CLASS = YES_ERROR;
				CLANG_WARN_QUOTED_INCLUDE_IN_FRAMEWORK_HEADER = YES;
				CLANG_WARN_RANGE_LOOP_ANALYSIS = YES;
				CLANG_WARN_STRICT_PROTOTYPES = YES;
				CLANG_WARN_SUSPICIOUS_MOVE = YES;
				CLANG_WARN_UNGUARDED_AVAILABILITY = YES_AGGRESSIVE;
				CLANG_WARN_UNREACHABLE_CODE = YES;
				CLANG_WARN__DUPLICATE_METHOD_MATCH = YES;
				COPY_PHASE_STRIP = NO;
				DEBUG_INFORMATION_FORMAT = "dwarf-with-dsym";
				ENABLE_NS_ASSERTIONS = NO;
				ENABLE_STRICT_OBJC_MSGSEND = YES;
				ENABLE_USER_SCRIPT_SANDBOXING = YES;
				GCC_C_LANGUAGE_STANDARD = gnu17;
				GCC_NO_COMMON_BLOCKS = YES;
				GCC_WARN_64_TO_32_BIT_CONVERSION = YES;
				GCC_WARN_ABOUT_RETURN_TYPE = YES_ERROR;
				GCC_WARN_UNDECLARED_SELECTOR = YES;
				GCC_WARN_UNINITIALIZED_AUTOS = YES_AGGRESSIVE;
				GCC_WARN_UNUSED_FUNCTION = YES;
				GCC_WARN_UNUSED_VARIABLE = YES;
				IPHONEOS_DEPLOYMENT_TARGET = 17.0;
				LOCALIZATION_PREFERS_STRING_CATALOGS = YES;
				MTL_ENABLE_DEBUG_INFO = NO;
				MTL_FAST_MATH = YES;
				SDKROOT = iphoneos;
				SWIFT_COMPILATION_MODE = wholemodule;
				VALIDATE_PRODUCT = YES;
			};
			name = Release;
		};
		6B35A1F72B27510500B54698 /* Debug */ = {
			isa = XCBuildConfiguration;
			buildSettings = {
				ASSETCATALOG_COMPILER_APPICON_NAME = AppIcon;
				ASSETCATALOG_COMPILER_GLOBAL_ACCENT_COLOR_NAME = AccentColor;
				CODE_SIGN_STYLE = Automatic;
				CURRENT_PROJECT_VERSION = 1;
				DEVELOPMENT_ASSET_PATHS = "\"Cards/Preview Content\"";
				DEVELOPMENT_TEAM = A7B95NFWAN;
				ENABLE_PREVIEWS = YES;
				GENERATE_INFOPLIST_FILE = YES;
				INFOPLIST_FILE = Cards/Info.plist;
				INFOPLIST_KEY_UIApplicationSceneManifest_Generation = YES;
				INFOPLIST_KEY_UIApplicationSupportsIndirectInputEvents = YES;
				INFOPLIST_KEY_UISupportedInterfaceOrientations_iPad = "UIInterfaceOrientationPortrait UIInterfaceOrientationPortraitUpsideDown UIInterfaceOrientationLandscapeLeft UIInterfaceOrientationLandscapeRight";
				INFOPLIST_KEY_UISupportedInterfaceOrientations_iPhone = "UIInterfaceOrientationPortrait UIInterfaceOrientationLandscapeLeft UIInterfaceOrientationLandscapeRight";
				LD_RUNPATH_SEARCH_PATHS = (
					"$(inherited)",
					"@executable_path/Frameworks",
				);
				MARKETING_VERSION = 1.0;
				PRODUCT_BUNDLE_IDENTIFIER = com.gaspare.Cards;
				PRODUCT_NAME = "$(TARGET_NAME)";
				SWIFT_EMIT_LOC_STRINGS = YES;
				SWIFT_VERSION = 5.0;
				TARGETED_DEVICE_FAMILY = "1,2";
			};
			name = Debug;
		};
		6B35A1F82B27510500B54698 /* Release */ = {
			isa = XCBuildConfiguration;
			buildSettings = {
				ASSETCATALOG_COMPILER_APPICON_NAME = AppIcon;
				ASSETCATALOG_COMPILER_GLOBAL_ACCENT_COLOR_NAME = AccentColor;
				CODE_SIGN_STYLE = Automatic;
				CURRENT_PROJECT_VERSION = 1;
				DEVELOPMENT_ASSET_PATHS = "\"Cards/Preview Content\"";
				DEVELOPMENT_TEAM = A7B95NFWAN;
				ENABLE_PREVIEWS = YES;
				GENERATE_INFOPLIST_FILE = YES;
				INFOPLIST_FILE = Cards/Info.plist;
				INFOPLIST_KEY_UIApplicationSceneManifest_Generation = YES;
				INFOPLIST_KEY_UIApplicationSupportsIndirectInputEvents = YES;
				INFOPLIST_KEY_UISupportedInterfaceOrientations_iPad = "UIInterfaceOrientationPortrait UIInterfaceOrientationPortraitUpsideDown UIInterfaceOrientationLandscapeLeft UIInterfaceOrientationLandscapeRight";
				INFOPLIST_KEY_UISupportedInterfaceOrientations_iPhone = "UIInterfaceOrientationPortrait UIInterfaceOrientationLandscapeLeft UIInterfaceOrientationLandscapeRight";
				LD_RUNPATH_SEARCH_PATHS = (
					"$(inherited)",
					"@executable_path/Frameworks",
				);
				MARKETING_VERSION = 1.0;
				PRODUCT_BUNDLE_IDENTIFIER = com.gaspare.Cards;
				PRODUCT_NAME = "$(TARGET_NAME)";
				SWIFT_EMIT_LOC_STRINGS = YES;
				SWIFT_VERSION = 5.0;
				TARGETED_DEVICE_FAMILY = "1,2";
			};
			name = Release;
		};
/* End XCBuildConfiguration section */

/* Begin XCConfigurationList section */
		6B35A1E32B27510300B54698 /* Build configuration list for PBXProject "Cards" */ = {
			isa = XCConfigurationList;
			buildConfigurations = (
				6B35A1F42B27510500B54698 /* Debug */,
				6B35A1F52B27510500B54698 /* Release */,
			);
			defaultConfigurationIsVisible = 0;
			defaultConfigurationName = Release;
		};
		6B35A1F62B27510500B54698 /* Build configuration list for PBXNativeTarget "Cards" */ = {
			isa = XCConfigurationList;
			buildConfigurations = (
				6B35A1F72B27510500B54698 /* Debug */,
				6B35A1F82B27510500B54698 /* Release */,
			);
			defaultConfigurationIsVisible = 0;
			defaultConfigurationName = Release;
		};
/* End XCConfigurationList section */
	};
	rootObject = 6B35A1E02B27510300B54698 /* Project object */;
}
